version = 1
requires-python = ">=3.9"

[[package]]
name = "colorama"
version = "0.4.6"
source = { registry = "https://pypi.org/simple" }
sdist = { url = "https://files.pythonhosted.org/packages/d8/53/6f443c9a4a8358a93a6792e2acffb9d9d5cb0a5cfd8802644b7b1c9a02e4/colorama-0.4.6.tar.gz", hash = "sha256:08695f5cb7ed6e0531a20572697297273c47b8cae5a63ffc6d6ed5c201be6e44", size = 27697 }
wheels = [
    { url = "https://files.pythonhosted.org/packages/d1/d6/3965ed04c63042e047cb6a3e6ed1a63a35087b6a609aa3a15ed8ac56c221/colorama-0.4.6-py2.py3-none-any.whl", hash = "sha256:4f1d9991f5acc0ca119f9d443620b77f9d6b33703e51011c16baf57afb285fc6", size = 25335 },
]

[[package]]
name = "exceptiongroup"
version = "1.2.2"
source = { registry = "https://pypi.org/simple" }
sdist = { url = "https://files.pythonhosted.org/packages/09/35/2495c4ac46b980e4ca1f6ad6db102322ef3ad2410b79fdde159a4b0f3b92/exceptiongroup-1.2.2.tar.gz", hash = "sha256:47c2edf7c6738fafb49fd34290706d1a1a2f4d1c6df275526b62cbb4aa5393cc", size = 28883 }
wheels = [
    { url = "https://files.pythonhosted.org/packages/02/cc/b7e31358aac6ed1ef2bb790a9746ac2c69bcb3c8588b41616914eb106eaf/exceptiongroup-1.2.2-py3-none-any.whl", hash = "sha256:3111b9d131c238bec2f8f516e123e14ba243563fb135d3fe885990585aa7795b", size = 16453 },
]

[[package]]
name = "iniconfig"
version = "2.0.0"
source = { registry = "https://pypi.org/simple" }
sdist = { url = "https://files.pythonhosted.org/packages/d7/4b/cbd8e699e64a6f16ca3a8220661b5f83792b3017d0f79807cb8708d33913/iniconfig-2.0.0.tar.gz", hash = "sha256:2d91e135bf72d31a410b17c16da610a82cb55f6b0477d1a902134b24a455b8b3", size = 4646 }
wheels = [
    { url = "https://files.pythonhosted.org/packages/ef/a6/62565a6e1cf69e10f5727360368e451d4b7f58beeac6173dc9db836a5b46/iniconfig-2.0.0-py3-none-any.whl", hash = "sha256:b6a85871a79d2e3b22d2d1b94ac2824226a63c6b741c88f7ae975f18b6778374", size = 5892 },
]

[[package]]
name = "maturin"
version = "1.7.3"
source = { registry = "https://pypi.org/simple" }
dependencies = [
    { name = "tomli", marker = "python_full_version < '3.11'" },
]
sdist = { url = "https://files.pythonhosted.org/packages/b5/5d/bbfeaa60a5d62cd70b7c28e21e44d4391b33b32bb152e661398c10b0c00e/maturin-1.7.3.tar.gz", hash = "sha256:8a52aa529eefb919dcc4ab5920e37dd5af0af630b6879d8a39b1e4f6ef301927", size = 190854 }
wheels = [
    { url = "https://files.pythonhosted.org/packages/4b/6a/7d83817bce23d81357649a800b4265d3808ecfd13888e93988a5efdd5e8f/maturin-1.7.3-py3-none-linux_armv6l.whl", hash = "sha256:32b2772d2b9a1bf6d8b18a4dc9e391991831b13e8fb330e858578147908e888a", size = 8215908 },
    { url = "https://files.pythonhosted.org/packages/fd/ca/915a5efc99785625901fd10ff18dfb416d97aa17bf0bceed11628c9c5950/maturin-1.7.3-py3-none-macosx_10_12_x86_64.macosx_11_0_arm64.macosx_10_12_universal2.whl", hash = "sha256:37e36b330b79fdad77409d81b7e71e6301aa78fb36db250e2b2825cabb1c5852", size = 15930145 },
    { url = "https://files.pythonhosted.org/packages/a1/ee/043affa39635eab82a522f2ce394d6d1f2d94b916ce1006b16ee6cc87870/maturin-1.7.3-py3-none-macosx_10_12_x86_64.whl", hash = "sha256:ef90b22882b984825d2283659af6edf64a2a8b2d5197adce66f9e7361b275190", size = 8165578 },
    { url = "https://files.pythonhosted.org/packages/6c/06/0d489aecedc58d4955aa5e426f890e8a61f036dec94c2ba5f0f018bc2800/maturin-1.7.3-py3-none-manylinux_2_12_i686.manylinux2010_i686.musllinux_1_1_i686.whl", hash = "sha256:da2175709f31f73981fa1bcad655729c48f342b8ff44d5d421693e2ea5371eeb", size = 8563897 },
    { url = "https://files.pythonhosted.org/packages/63/df/9c1afe120a0f9a6528f7789ee6c634328e9d19b2291b41ec6ccc0d849493/maturin-1.7.3-py3-none-manylinux_2_12_x86_64.manylinux2010_x86_64.musllinux_1_1_x86_64.whl", hash = "sha256:79254c1453bbdcd4127b59014c1130c79b17017a1aa195c566f6804b2d8e0ff4", size = 8939490 },
    { url = "https://files.pythonhosted.org/packages/de/07/bf17348dcd78448f23f22d4acf424a00136afc3fa97b034c85ea3e225fd2/maturin-1.7.3-py3-none-manylinux_2_17_aarch64.manylinux2014_aarch64.musllinux_1_1_aarch64.whl", hash = "sha256:3cc8b7fb64b36290328e9df2ff8329ec2cbefbf7d5bf0b45a40025d58a40fd85", size = 8430139 },
    { url = "https://files.pythonhosted.org/packages/ee/49/9179ecc0ac9ca9e6daa9a23db729e46e584c9ec40e952dfb121af802b900/maturin-1.7.3-py3-none-manylinux_2_17_armv7l.manylinux2014_armv7l.musllinux_1_1_armv7l.whl", hash = "sha256:b70acc73a91a8d79eba1e68ab346bc42174733eb6b5c494d0fe9712cdb83474c", size = 8107175 },
    { url = "https://files.pythonhosted.org/packages/75/cf/03aa2c61d46c0f52d0d942f0c08fbf0c036a137022dc4fe951f9a2f8eb3e/maturin-1.7.3-py3-none-manylinux_2_17_ppc64le.manylinux2014_ppc64le.musllinux_1_1_ppc64le.whl", hash = "sha256:d9e431d5e4ff874161931131b1b9fb7989d87e3371d1cadc3a49929f63f8a925", size = 8728035 },
    { url = "https://files.pythonhosted.org/packages/de/79/4545a0eca3bf47ceb42770d763b7e6df4965d9d9b3e42058bca366a0aaec/maturin-1.7.3-py3-none-manylinux_2_17_s390x.manylinux2014_s390x.whl", hash = "sha256:74b200371d01ecce9d75ac71b14bec098cfba19fe43450bae944724be0e3f2da", size = 10134019 },
    { url = "https://files.pythonhosted.org/packages/79/f9/8324be04b6250f6dc9e3e522ad633dad939ed842ff57be8ae25d7f5f2733/maturin-1.7.3-py3-none-win32.whl", hash = "sha256:2d2d81d16ffbbe7cc5cdb50e54831b4de2384fbcd233ae3b826c2e5f920dc1b2", size = 6580133 },
    { url = "https://files.pythonhosted.org/packages/9b/c7/b82a973418e4c727d80089291cf7dab7daedd34979af7075962d6f916032/maturin-1.7.3-py3-none-win_amd64.whl", hash = "sha256:c10aafee38aa387cce161a48d9a94102d20b599c80ac2a116ab21410ad5ed45f", size = 7438484 },
    { url = "https://files.pythonhosted.org/packages/00/bf/2f616e70d9630b8f2db1abb044562df4eb17adf0b2d793123e60fedc3fdf/maturin-1.7.3-py3-none-win_arm64.whl", hash = "sha256:5afa48b5ccd5c66c31fd06449fee0a5daed9f0bce80a9bad393120db3fe30be1", size = 6386624 },
]

[[package]]
name = "mypy"
version = "1.12.0"
source = { registry = "https://pypi.org/simple" }
dependencies = [
    { name = "mypy-extensions" },
    { name = "tomli", marker = "python_full_version < '3.11'" },
    { name = "typing-extensions" },
]
sdist = { url = "https://files.pythonhosted.org/packages/f9/70/196a3339459fe22296ac9a883bbd998fcaf0db3e8d9a54cf4f53b722cad4/mypy-1.12.0.tar.gz", hash = "sha256:65a22d87e757ccd95cbbf6f7e181e6caa87128255eb2b6be901bb71b26d8a99d", size = 3149879 }
wheels = [
    { url = "https://files.pythonhosted.org/packages/93/6d/9751ed6d77b42a5d704224fbadf6f1a18b5ab655c012d17bc8af819a7f06/mypy-1.12.0-cp310-cp310-macosx_10_9_x86_64.whl", hash = "sha256:4397081e620dc4dc18e2f124d5e1d2c288194c2c08df6bdb1db31c38cd1fe1ed", size = 11017763 },
    { url = "https://files.pythonhosted.org/packages/74/03/5fa6824555460f74873a414c7f42332c219fdfcfbd63b55b2442794b634b/mypy-1.12.0-cp310-cp310-macosx_11_0_arm64.whl", hash = "sha256:684a9c508a283f324804fea3f0effeb7858eb03f85c4402a967d187f64562469", size = 10181032 },
    { url = "https://files.pythonhosted.org/packages/89/56/20d3136d6904c369422423d267c5ceb312487586cdd81e90bf7e237b67e7/mypy-1.12.0-cp310-cp310-manylinux_2_17_x86_64.manylinux2014_x86_64.manylinux_2_28_x86_64.whl", hash = "sha256:6cabe4cda2fa5eca7ac94854c6c37039324baaa428ecbf4de4567279e9810f9e", size = 12587243 },
    { url = "https://files.pythonhosted.org/packages/53/cb/64043dec34fbcecaced207b077b8e5041e263da43003cc6309c90bc5e26e/mypy-1.12.0-cp310-cp310-musllinux_1_1_x86_64.whl", hash = "sha256:060a07b10e999ac9e7fa249ce2bdcfa9183ca2b70756f3bce9df7a92f78a3c0a", size = 13105170 },
    { url = "https://files.pythonhosted.org/packages/5e/59/e89758d47412ec6bd7a2fd9cae8074b7ffb2acee40456a4efbedd42e2dfd/mypy-1.12.0-cp310-cp310-win_amd64.whl", hash = "sha256:0eff042d7257f39ba4ca06641d110ca7d2ad98c9c1fb52200fe6b1c865d360ff", size = 9633620 },
    { url = "https://files.pythonhosted.org/packages/21/68/9098b11b5c4371793237c7a2c5e9415ece358bed97bc849e9191d38c66b5/mypy-1.12.0-cp311-cp311-macosx_10_9_x86_64.whl", hash = "sha256:4b86de37a0da945f6d48cf110d5206c5ed514b1ca2614d7ad652d4bf099c7de7", size = 10940151 },
    { url = "https://files.pythonhosted.org/packages/7c/11/14a4373e5da6636fc4c8475cabe65084ff640528bc6c4f426d9c992736a9/mypy-1.12.0-cp311-cp311-macosx_11_0_arm64.whl", hash = "sha256:20c7c5ce0c1be0b0aea628374e6cf68b420bcc772d85c3c974f675b88e3e6e57", size = 10107645 },
    { url = "https://files.pythonhosted.org/packages/c7/07/b73faeeaadabb5aab23195bfd828392c9a5e21e7b8cdf8369a2546e00ce6/mypy-1.12.0-cp311-cp311-manylinux_2_17_x86_64.manylinux2014_x86_64.manylinux_2_28_x86_64.whl", hash = "sha256:a64ee25f05fc2d3d8474985c58042b6759100a475f8237da1f4faf7fcd7e6309", size = 12504561 },
    { url = "https://files.pythonhosted.org/packages/78/70/c35608364f9cdf97c048f0240be4d06d3baadede2767a5fbf60aad7c64f3/mypy-1.12.0-cp311-cp311-musllinux_1_1_x86_64.whl", hash = "sha256:faca7ab947c9f457a08dcb8d9a8664fd438080e002b0fa3e41b0535335edcf7f", size = 12983108 },
    { url = "https://files.pythonhosted.org/packages/74/fa/e5b0d4291ed9b94075fe13a0cdd1d9f1ba9d32ea1f8e88aec2ffcd057ac3/mypy-1.12.0-cp311-cp311-win_amd64.whl", hash = "sha256:5bc81701d52cc8767005fdd2a08c19980de9ec61a25dbd2a937dfb1338a826f9", size = 9629293 },
    { url = "https://files.pythonhosted.org/packages/e7/c8/ef6e2a11f0de6cf4359552bf71f07a89f302d27e25bf4c9761649bf1b5a8/mypy-1.12.0-cp312-cp312-macosx_10_13_x86_64.whl", hash = "sha256:8462655b6694feb1c99e433ea905d46c478041a8b8f0c33f1dab00ae881b2164", size = 11072079 },
    { url = "https://files.pythonhosted.org/packages/61/e7/1f9ba3965c3c445d863290d3f8521a7a726b878784f5ad642e82c038261f/mypy-1.12.0-cp312-cp312-macosx_11_0_arm64.whl", hash = "sha256:923ea66d282d8af9e0f9c21ffc6653643abb95b658c3a8a32dca1eff09c06475", size = 10071930 },
    { url = "https://files.pythonhosted.org/packages/3a/11/c84fb4c3a42ffd460c2a9b27105fbd538ec501e5aa34671fd3d14a1b94ba/mypy-1.12.0-cp312-cp312-manylinux_2_17_x86_64.manylinux2014_x86_64.manylinux_2_28_x86_64.whl", hash = "sha256:1ebf9e796521f99d61864ed89d1fb2926d9ab6a5fab421e457cd9c7e4dd65aa9", size = 12588227 },
    { url = "https://files.pythonhosted.org/packages/f0/ad/b55d070d2001e47c4c6c7d00b13f8dafb16b74db5a99904a183e3c0a3bd6/mypy-1.12.0-cp312-cp312-musllinux_1_1_x86_64.whl", hash = "sha256:e478601cc3e3fa9d6734d255a59c7a2e5c2934da4378f3dd1e3411ea8a248642", size = 13037186 },
    { url = "https://files.pythonhosted.org/packages/28/c8/5fc9ef8d3ea89490939ecdfea7a84cede31a69534d468c34807941f5a79f/mypy-1.12.0-cp312-cp312-win_amd64.whl", hash = "sha256:c72861b7139a4f738344faa0e150834467521a3fba42dc98264e5aa9507dd601", size = 9727738 },
    { url = "https://files.pythonhosted.org/packages/a6/07/0df1b099a4a725e61782f7d9a34947fc93be688f9dfa011d86e411b2f036/mypy-1.12.0-cp313-cp313-macosx_10_13_x86_64.whl", hash = "sha256:52b9e1492e47e1790360a43755fa04101a7ac72287b1a53ce817f35899ba0521", size = 11071648 },
    { url = "https://files.pythonhosted.org/packages/9a/60/2a8bdb4f822bcdb0fa4599b83c1ae9f9ab0e10c1bee262dd9c1ff4607b12/mypy-1.12.0-cp313-cp313-macosx_11_0_arm64.whl", hash = "sha256:48d3e37dd7d9403e38fa86c46191de72705166d40b8c9f91a3de77350daa0893", size = 10065760 },
    { url = "https://files.pythonhosted.org/packages/cc/d9/065ec6bd21a0ae14b520574d531dc1aa23fdc30fd276dea25f71945172d2/mypy-1.12.0-cp313-cp313-manylinux_2_17_x86_64.manylinux2014_x86_64.manylinux_2_28_x86_64.whl", hash = "sha256:2f106db5ccb60681b622ac768455743ee0e6a857724d648c9629a9bd2ac3f721", size = 12584005 },
    { url = "https://files.pythonhosted.org/packages/e6/a8/31449fc5698d1a55062614790a885128e3b2a21de0f82a426942a5ae6a00/mypy-1.12.0-cp313-cp313-musllinux_1_1_x86_64.whl", hash = "sha256:233e11b3f73ee1f10efada2e6da0f555b2f3a5316e9d8a4a1224acc10e7181d3", size = 13030941 },
    { url = "https://files.pythonhosted.org/packages/b5/8e/2347814cffccfb52fc02cbe457ae4a3fb5b660c5b361cdf72374266c231b/mypy-1.12.0-cp313-cp313-win_amd64.whl", hash = "sha256:4ae8959c21abcf9d73aa6c74a313c45c0b5a188752bf37dace564e29f06e9c1b", size = 9734383 },
    { url = "https://files.pythonhosted.org/packages/81/91/67f83e940b4e195b8c87ed9a64c48c6eb1513822b41df6594ef8fb4e0f9a/mypy-1.12.0-cp39-cp39-macosx_10_9_x86_64.whl", hash = "sha256:6b5df6c8a8224f6b86746bda716bbe4dbe0ce89fd67b1fa4661e11bfe38e8ec8", size = 11013910 },
    { url = "https://files.pythonhosted.org/packages/9d/df/437261d0f622878822e52682a4b41c4387c99a322bf352af52ab58cf7c5a/mypy-1.12.0-cp39-cp39-macosx_11_0_arm64.whl", hash = "sha256:5feee5c74eb9749e91b77f60b30771563327329e29218d95bedbe1257e2fe4b0", size = 10179201 },
    { url = "https://files.pythonhosted.org/packages/2a/4e/d2fed1aa4ee487ccd5818afc3f926c81508ad5618c124cfa22d586e60d53/mypy-1.12.0-cp39-cp39-manylinux_2_17_x86_64.manylinux2014_x86_64.manylinux_2_28_x86_64.whl", hash = "sha256:77278e8c6ffe2abfba6db4125de55f1024de9a323be13d20e4f73b8ed3402bd1", size = 12585797 },
    { url = "https://files.pythonhosted.org/packages/6e/d1/a971f6abc11221019bb41b2d7d94e807bcf1d9a4f51cf50e4ee27e5d0921/mypy-1.12.0-cp39-cp39-musllinux_1_1_x86_64.whl", hash = "sha256:dcfb754dea911039ac12434d1950d69a2f05acd4d56f7935ed402be09fad145e", size = 13102159 },
    { url = "https://files.pythonhosted.org/packages/9b/d5/dde4feae6ff046899a4da883abe678beed7e8633e92c1d2cb2714bd4478c/mypy-1.12.0-cp39-cp39-win_amd64.whl", hash = "sha256:06de0498798527451ffb60f68db0d368bd2bae2bbfb5237eae616d4330cc87aa", size = 9631514 },
    { url = "https://files.pythonhosted.org/packages/85/fd/2cc64da1ce9fada64b5d023dfbaf763548429145d08c958c78c02876c7f6/mypy-1.12.0-py3-none-any.whl", hash = "sha256:fd313226af375d52e1e36c383f39bf3836e1f192801116b31b090dfcd3ec5266", size = 2645791 },
]

[[package]]
name = "mypy-extensions"
version = "1.0.0"
source = { registry = "https://pypi.org/simple" }
sdist = { url = "https://files.pythonhosted.org/packages/98/a4/1ab47638b92648243faf97a5aeb6ea83059cc3624972ab6b8d2316078d3f/mypy_extensions-1.0.0.tar.gz", hash = "sha256:75dbf8955dc00442a438fc4d0666508a9a97b6bd41aa2f0ffe9d2f2725af0782", size = 4433 }
wheels = [
    { url = "https://files.pythonhosted.org/packages/2a/e2/5d3f6ada4297caebe1a2add3b126fe800c96f56dbe5d1988a2cbe0b267aa/mypy_extensions-1.0.0-py3-none-any.whl", hash = "sha256:4392f6c0eb8a5668a69e23d168ffa70f0be9ccfd32b5cc2d26a34ae5b844552d", size = 4695 },
]

[[package]]
name = "packaging"
version = "24.1"
source = { registry = "https://pypi.org/simple" }
sdist = { url = "https://files.pythonhosted.org/packages/51/65/50db4dda066951078f0a96cf12f4b9ada6e4b811516bf0262c0f4f7064d4/packaging-24.1.tar.gz", hash = "sha256:026ed72c8ed3fcce5bf8950572258698927fd1dbda10a5e981cdf0ac37f4f002", size = 148788 }
wheels = [
    { url = "https://files.pythonhosted.org/packages/08/aa/cc0199a5f0ad350994d660967a8efb233fe0416e4639146c089643407ce6/packaging-24.1-py3-none-any.whl", hash = "sha256:5b8f2217dbdbd2f7f384c41c628544e6d52f2d0f53c6d0c3ea61aa5d1d7ff124", size = 53985 },
]

[[package]]
name = "pluggy"
version = "1.5.0"
source = { registry = "https://pypi.org/simple" }
sdist = { url = "https://files.pythonhosted.org/packages/96/2d/02d4312c973c6050a18b314a5ad0b3210edb65a906f868e31c111dede4a6/pluggy-1.5.0.tar.gz", hash = "sha256:2cffa88e94fdc978c4c574f15f9e59b7f4201d439195c3715ca9e2486f1d0cf1", size = 67955 }
wheels = [
    { url = "https://files.pythonhosted.org/packages/88/5f/e351af9a41f866ac3f1fac4ca0613908d9a41741cfcf2228f4ad853b697d/pluggy-1.5.0-py3-none-any.whl", hash = "sha256:44e1ad92c8ca002de6377e165f3e0f1be63266ab4d554740532335b9d75ea669", size = 20556 },
]

[[package]]
name = "pyo3-mock-data"
version = "0.1.0"
source = { editable = "." }

[package.dev-dependencies]
dev = [
    { name = "maturin" },
    { name = "mypy" },
    { name = "pytest" },
]

[package.metadata]

[package.metadata.requires-dev]
dev = [
    { name = "maturin", specifier = "==1.7.3" },
    { name = "mypy", specifier = "==1.12.0" },
    { name = "pytest", specifier = "==8.3.3" },
]

[[package]]
name = "pytest"
version = "8.3.3"
source = { registry = "https://pypi.org/simple" }
dependencies = [
    { name = "colorama", marker = "sys_platform == 'win32'" },
    { name = "exceptiongroup", marker = "python_full_version < '3.11'" },
    { name = "iniconfig" },
    { name = "packaging" },
    { name = "pluggy" },
    { name = "tomli", marker = "python_full_version < '3.11'" },
]
sdist = { url = "https://files.pythonhosted.org/packages/8b/6c/62bbd536103af674e227c41a8f3dcd022d591f6eed5facb5a0f31ee33bbc/pytest-8.3.3.tar.gz", hash = "sha256:70b98107bd648308a7952b06e6ca9a50bc660be218d53c257cc1fc94fda10181", size = 1442487 }
wheels = [
    { url = "https://files.pythonhosted.org/packages/6b/77/7440a06a8ead44c7757a64362dd22df5760f9b12dc5f11b6188cd2fc27a0/pytest-8.3.3-py3-none-any.whl", hash = "sha256:a6853c7375b2663155079443d2e45de913a911a11d669df02a50814944db57b2", size = 342341 },
]

[[package]]
name = "tomli"
version = "2.0.2"
source = { registry = "https://pypi.org/simple" }
sdist = { url = "https://files.pythonhosted.org/packages/35/b9/de2a5c0144d7d75a57ff355c0c24054f965b2dc3036456ae03a51ea6264b/tomli-2.0.2.tar.gz", hash = "sha256:d46d457a85337051c36524bc5349dd91b1877838e2979ac5ced3e710ed8a60ed", size = 16096 }
wheels = [
    { url = "https://files.pythonhosted.org/packages/cf/db/ce8eda256fa131af12e0a76d481711abe4681b6923c27efb9a255c9e4594/tomli-2.0.2-py3-none-any.whl", hash = "sha256:2ebe24485c53d303f690b0ec092806a085f07af5a5aa1464f3931eec36caaa38", size = 13237 },
]

[[package]]
name = "typing-extensions"
version = "4.12.2"
source = { registry = "https://pypi.org/simple" }
sdist = { url = "https://files.pythonhosted.org/packages/df/db/f35a00659bc03fec321ba8bce9420de607a1d37f8342eee1863174c69557/typing_extensions-4.12.2.tar.gz", hash = "sha256:1a7ead55c7e559dd4dee8856e3a88b41225abfe1ce8df57b7c13915fe121ffb8", size = 85321 }
wheels = [
    { url = "https://files.pythonhosted.org/packages/26/9f/ad63fc0248c5379346306f8668cda6e2e2e9c95e01216d2b8ffd9ff037d0/typing_extensions-4.12.2-py3-none-any.whl", hash = "sha256:04e5ca0351e0f3f85c6853954072df659d0d13fac324d0072316b67d7794700d", size = 37438 },
]
